// !$*UTF8*$!
{
	archiveVersion = 1;
	classes = {
	};
	objectVersion = 50;
	objects = {

/* Begin PBXBuildFile section */
		09CF6DAF8BF7961F04BA6ECF /* libPods-ImagePickerController.a in Frameworks */ = {isa = PBXBuildFile; fileRef = 92A8C8B8DD42E09F307AA2C1 /* libPods-ImagePickerController.a */; };
		F742F01F20D208CF00F677D0 /* AppDelegate.m in Sources */ = {isa = PBXBuildFile; fileRef = F742F01E20D208CF00F677D0 /* AppDelegate.m */; };
		F742F02720D208D000F677D0 /* Assets.xcassets in Resources */ = {isa = PBXBuildFile; fileRef = F742F02620D208D000F677D0 /* Assets.xcassets */; };
		F742F02A20D208D000F677D0 /* LaunchScreen.storyboard in Resources */ = {isa = PBXBuildFile; fileRef = F742F02820D208D000F677D0 /* LaunchScreen.storyboard */; };
		F742F02D20D208D000F677D0 /* main.m in Sources */ = {isa = PBXBuildFile; fileRef = F742F02C20D208D000F677D0 /* main.m */; };
		F742F05420D209C800F677D0 /* MainViewController.m in Sources */ = {isa = PBXBuildFile; fileRef = F742F05320D209C800F677D0 /* MainViewController.m */; };
		F74B1D5020DBEEA000CF21AB /* AliOSSUpload.m in Sources */ = {isa = PBXBuildFile; fileRef = F74B1D4F20DBEEA000CF21AB /* AliOSSUpload.m */; };
		F74B1D5320DBEF1000CF21AB /* WMUIOSSAuthCredentialProvider.m in Sources */ = {isa = PBXBuildFile; fileRef = F74B1D5220DBEF1000CF21AB /* WMUIOSSAuthCredentialProvider.m */; };
		F74B1D5620DC041000CF21AB /* IHUtility.m in Sources */ = {isa = PBXBuildFile; fileRef = F74B1D5520DC041000CF21AB /* IHUtility.m */; };
		F764A37722C078DC008CF2A5 /* To_choose@3x.png in Resources */ = {isa = PBXBuildFile; fileRef = F764A36F22C078DC008CF2A5 /* To_choose@3x.png */; };
		F764A37822C078DC008CF2A5 /* WMUIImagePickerView.m in Sources */ = {isa = PBXBuildFile; fileRef = F764A37122C078DC008CF2A5 /* WMUIImagePickerView.m */; };
		F764A37922C078DC008CF2A5 /* To_choose@2x.png in Resources */ = {isa = PBXBuildFile; fileRef = F764A37222C078DC008CF2A5 /* To_choose@2x.png */; };
		F764A37A22C078DC008CF2A5 /* add_btn@2x.png in Resources */ = {isa = PBXBuildFile; fileRef = F764A37322C078DC008CF2A5 /* add_btn@2x.png */; };
		F764A37B22C078DC008CF2A5 /* LxGridViewFlowLayout.m in Sources */ = {isa = PBXBuildFile; fileRef = F764A37422C078DC008CF2A5 /* LxGridViewFlowLayout.m */; };
		F764A37C22C078DC008CF2A5 /* add_btn@3x.png in Resources */ = {isa = PBXBuildFile; fileRef = F764A37522C078DC008CF2A5 /* add_btn@3x.png */; };
		F764A37D22C078DC008CF2A5 /* WMUIImagePickerCollectionViewCell.m in Sources */ = {isa = PBXBuildFile; fileRef = F764A37622C078DC008CF2A5 /* WMUIImagePickerCollectionViewCell.m */; };
		F778B22020D237A60078EBC9 /* Main.storyboard in Resources */ = {isa = PBXBuildFile; fileRef = F778B21F20D237A60078EBC9 /* Main.storyboard */; };
/* End PBXBuildFile section */

/* Begin PBXFileReference section */
		065D2AC25CB24DFA0E804701 /* Pods-ImagePickerController.release.xcconfig */ = {isa = PBXFileReference; includeInIndex = 1; lastKnownFileType = text.xcconfig; name = "Pods-ImagePickerController.release.xcconfig"; path = "Pods/Target Support Files/Pods-ImagePickerController/Pods-ImagePickerController.release.xcconfig"; sourceTree = "<group>"; };
		92A8C8B8DD42E09F307AA2C1 /* libPods-ImagePickerController.a */ = {isa = PBXFileReference; explicitFileType = archive.ar; includeInIndex = 0; path = "libPods-ImagePickerController.a"; sourceTree = BUILT_PRODUCTS_DIR; };
		BA2CC342B12B71052DF69CDD /* Pods-ImagePickerController.debug.xcconfig */ = {isa = PBXFileReference; includeInIndex = 1; lastKnownFileType = text.xcconfig; name = "Pods-ImagePickerController.debug.xcconfig"; path = "Pods/Target Support Files/Pods-ImagePickerController/Pods-ImagePickerController.debug.xcconfig"; sourceTree = "<group>"; };
		F742F01A20D208CF00F677D0 /* ImagePickerController.app */ = {isa = PBXFileReference; explicitFileType = wrapper.application; includeInIndex = 0; path = ImagePickerController.app; sourceTree = BUILT_PRODUCTS_DIR; };
		F742F01D20D208CF00F677D0 /* AppDelegate.h */ = {isa = PBXFileReference; lastKnownFileType = sourcecode.c.h; path = AppDelegate.h; sourceTree = "<group>"; };
		F742F01E20D208CF00F677D0 /* AppDelegate.m */ = {isa = PBXFileReference; lastKnownFileType = sourcecode.c.objc; path = AppDelegate.m; sourceTree = "<group>"; };
		F742F02620D208D000F677D0 /* Assets.xcassets */ = {isa = PBXFileReference; lastKnownFileType = folder.assetcatalog; path = Assets.xcassets; sourceTree = "<group>"; };
		F742F02920D208D000F677D0 /* Base */ = {isa = PBXFileReference; lastKnownFileType = file.storyboard; name = Base; path = Base.lproj/LaunchScreen.storyboard; sourceTree = "<group>"; };
		F742F02B20D208D000F677D0 /* Info.plist */ = {isa = PBXFileReference; lastKnownFileType = text.plist.xml; path = Info.plist; sourceTree = "<group>"; };
		F742F02C20D208D000F677D0 /* main.m */ = {isa = PBXFileReference; lastKnownFileType = sourcecode.c.objc; path = main.m; sourceTree = "<group>"; };
		F742F05220D209C800F677D0 /* MainViewController.h */ = {isa = PBXFileReference; lastKnownFileType = sourcecode.c.h; path = MainViewController.h; sourceTree = "<group>"; };
		F742F05320D209C800F677D0 /* MainViewController.m */ = {isa = PBXFileReference; lastKnownFileType = sourcecode.c.objc; path = MainViewController.m; sourceTree = "<group>"; };
		F74B1D4E20DBEEA000CF21AB /* AliOSSUpload.h */ = {isa = PBXFileReference; lastKnownFileType = sourcecode.c.h; path = AliOSSUpload.h; sourceTree = "<group>"; };
		F74B1D4F20DBEEA000CF21AB /* AliOSSUpload.m */ = {isa = PBXFileReference; lastKnownFileType = sourcecode.c.objc; path = AliOSSUpload.m; sourceTree = "<group>"; };
		F74B1D5120DBEF1000CF21AB /* WMUIOSSAuthCredentialProvider.h */ = {isa = PBXFileReference; lastKnownFileType = sourcecode.c.h; path = WMUIOSSAuthCredentialProvider.h; sourceTree = "<group>"; };
		F74B1D5220DBEF1000CF21AB /* WMUIOSSAuthCredentialProvider.m */ = {isa = PBXFileReference; lastKnownFileType = sourcecode.c.objc; path = WMUIOSSAuthCredentialProvider.m; sourceTree = "<group>"; };
		F74B1D5420DC040F00CF21AB /* IHUtility.h */ = {isa = PBXFileReference; fileEncoding = 4; lastKnownFileType = sourcecode.c.h; path = IHUtility.h; sourceTree = "<group>"; };
		F74B1D5520DC041000CF21AB /* IHUtility.m */ = {isa = PBXFileReference; fileEncoding = 4; lastKnownFileType = sourcecode.c.objc; path = IHUtility.m; sourceTree = "<group>"; };
		F764A36C22C078DC008CF2A5 /* WMUIImagePickerView.h */ = {isa = PBXFileReference; fileEncoding = 4; lastKnownFileType = sourcecode.c.h; path = WMUIImagePickerView.h; sourceTree = "<group>"; };
		F764A36D22C078DC008CF2A5 /* WMUIImagePickerCollectionViewCell.h */ = {isa = PBXFileReference; fileEncoding = 4; lastKnownFileType = sourcecode.c.h; path = WMUIImagePickerCollectionViewCell.h; sourceTree = "<group>"; };
		F764A36E22C078DC008CF2A5 /* LxGridViewFlowLayout.h */ = {isa = PBXFileReference; fileEncoding = 4; lastKnownFileType = sourcecode.c.h; path = LxGridViewFlowLayout.h; sourceTree = "<group>"; };
		F764A36F22C078DC008CF2A5 /* To_choose@3x.png */ = {isa = PBXFileReference; lastKnownFileType = image.png; path = "To_choose@3x.png"; sourceTree = "<group>"; };
		F764A37022C078DC008CF2A5 /* WMUIImageMacro.h */ = {isa = PBXFileReference; fileEncoding = 4; lastKnownFileType = sourcecode.c.h; path = WMUIImageMacro.h; sourceTree = "<group>"; };
		F764A37122C078DC008CF2A5 /* WMUIImagePickerView.m */ = {isa = PBXFileReference; fileEncoding = 4; lastKnownFileType = sourcecode.c.objc; path = WMUIImagePickerView.m; sourceTree = "<group>"; };
		F764A37222C078DC008CF2A5 /* To_choose@2x.png */ = {isa = PBXFileReference; lastKnownFileType = image.png; path = "To_choose@2x.png"; sourceTree = "<group>"; };
		F764A37322C078DC008CF2A5 /* add_btn@2x.png */ = {isa = PBXFileReference; lastKnownFileType = image.png; path = "add_btn@2x.png"; sourceTree = "<group>"; };
		F764A37422C078DC008CF2A5 /* LxGridViewFlowLayout.m */ = {isa = PBXFileReference; fileEncoding = 4; lastKnownFileType = sourcecode.c.objc; path = LxGridViewFlowLayout.m; sourceTree = "<group>"; };
		F764A37522C078DC008CF2A5 /* add_btn@3x.png */ = {isa = PBXFileReference; lastKnownFileType = image.png; path = "add_btn@3x.png"; sourceTree = "<group>"; };
		F764A37622C078DC008CF2A5 /* WMUIImagePickerCollectionViewCell.m */ = {isa = PBXFileReference; fileEncoding = 4; lastKnownFileType = sourcecode.c.objc; path = WMUIImagePickerCollectionViewCell.m; sourceTree = "<group>"; };
		F778B21F20D237A60078EBC9 /* Main.storyboard */ = {isa = PBXFileReference; fileEncoding = 4; lastKnownFileType = file.storyboard; path = Main.storyboard; sourceTree = "<group>"; };
/* End PBXFileReference section */

/* Begin PBXFrameworksBuildPhase section */
		F742F01720D208CF00F677D0 /* Frameworks */ = {
			isa = PBXFrameworksBuildPhase;
			buildActionMask = 2147483647;
			files = (
				09CF6DAF8BF7961F04BA6ECF /* libPods-ImagePickerController.a in Frameworks */,
			);
			runOnlyForDeploymentPostprocessing = 0;
		};
/* End PBXFrameworksBuildPhase section */

/* Begin PBXGroup section */
		930A336298A7B1F92320AFEB /* Frameworks */ = {
			isa = PBXGroup;
			children = (
				92A8C8B8DD42E09F307AA2C1 /* libPods-ImagePickerController.a */,
			);
			name = Frameworks;
			sourceTree = "<group>";
		};
		9AD30315E1535FC4A8CD3BDA /* Pods */ = {
			isa = PBXGroup;
			children = (
				BA2CC342B12B71052DF69CDD /* Pods-ImagePickerController.debug.xcconfig */,
				065D2AC25CB24DFA0E804701 /* Pods-ImagePickerController.release.xcconfig */,
			);
			name = Pods;
			sourceTree = "<group>";
		};
		F742F01120D208CF00F677D0 = {
			isa = PBXGroup;
			children = (
				F742F01C20D208CF00F677D0 /* ImagePickerController */,
				F742F01B20D208CF00F677D0 /* Products */,
				9AD30315E1535FC4A8CD3BDA /* Pods */,
				930A336298A7B1F92320AFEB /* Frameworks */,
			);
			sourceTree = "<group>";
		};
		F742F01B20D208CF00F677D0 /* Products */ = {
			isa = PBXGroup;
			children = (
				F742F01A20D208CF00F677D0 /* ImagePickerController.app */,
			);
			name = Products;
			sourceTree = "<group>";
		};
		F742F01C20D208CF00F677D0 /* ImagePickerController */ = {
			isa = PBXGroup;
			children = (
				F742F01D20D208CF00F677D0 /* AppDelegate.h */,
				F742F01E20D208CF00F677D0 /* AppDelegate.m */,
				F742F05220D209C800F677D0 /* MainViewController.h */,
				F742F05320D209C800F677D0 /* MainViewController.m */,
				F764A36B22C078DC008CF2A5 /* WMUIImagePicker */,
				F74B1D4D20DBEE6000CF21AB /* AliOSS */,
				F742F02620D208D000F677D0 /* Assets.xcassets */,
				F778B21F20D237A60078EBC9 /* Main.storyboard */,
				F742F02820D208D000F677D0 /* LaunchScreen.storyboard */,
				F742F02B20D208D000F677D0 /* Info.plist */,
				F742F02C20D208D000F677D0 /* main.m */,
			);
			path = ImagePickerController;
			sourceTree = "<group>";
		};
		F74B1D4D20DBEE6000CF21AB /* AliOSS */ = {
			isa = PBXGroup;
			children = (
				F74B1D5420DC040F00CF21AB /* IHUtility.h */,
				F74B1D5520DC041000CF21AB /* IHUtility.m */,
				F74B1D4E20DBEEA000CF21AB /* AliOSSUpload.h */,
				F74B1D4F20DBEEA000CF21AB /* AliOSSUpload.m */,
				F74B1D5120DBEF1000CF21AB /* WMUIOSSAuthCredentialProvider.h */,
				F74B1D5220DBEF1000CF21AB /* WMUIOSSAuthCredentialProvider.m */,
			);
			path = AliOSS;
			sourceTree = "<group>";
		};
		F764A36B22C078DC008CF2A5 /* WMUIImagePicker */ = {
			isa = PBXGroup;
			children = (
				F764A37322C078DC008CF2A5 /* add_btn@2x.png */,
				F764A37522C078DC008CF2A5 /* add_btn@3x.png */,
				F764A37222C078DC008CF2A5 /* To_choose@2x.png */,
				F764A36F22C078DC008CF2A5 /* To_choose@3x.png */,
				F764A37022C078DC008CF2A5 /* WMUIImageMacro.h */,
				F764A36C22C078DC008CF2A5 /* WMUIImagePickerView.h */,
				F764A37122C078DC008CF2A5 /* WMUIImagePickerView.m */,
				F764A36D22C078DC008CF2A5 /* WMUIImagePickerCollectionViewCell.h */,
				F764A37622C078DC008CF2A5 /* WMUIImagePickerCollectionViewCell.m */,
				F764A36E22C078DC008CF2A5 /* LxGridViewFlowLayout.h */,
				F764A37422C078DC008CF2A5 /* LxGridViewFlowLayout.m */,
			);
			path = WMUIImagePicker;
			sourceTree = "<group>";
		};
/* End PBXGroup section */

/* Begin PBXNativeTarget section */
		F742F01920D208CF00F677D0 /* ImagePickerController */ = {
			isa = PBXNativeTarget;
			buildConfigurationList = F742F04620D208D000F677D0 /* Build configuration list for PBXNativeTarget "ImagePickerController" */;
			buildPhases = (
				AAE86A51FD4853E5FF23A07B /* [CP] Check Pods Manifest.lock */,
				F742F01620D208CF00F677D0 /* Sources */,
				F742F01720D208CF00F677D0 /* Frameworks */,
				F742F01820D208CF00F677D0 /* Resources */,
				3E552CC68C622F49C11F6C55 /* [CP] Copy Pods Resources */,
			);
			buildRules = (
			);
			dependencies = (
			);
			name = ImagePickerController;
			productName = ImagePickerController;
			productReference = F742F01A20D208CF00F677D0 /* ImagePickerController.app */;
			productType = "com.apple.product-type.application";
		};
/* End PBXNativeTarget section */

/* Begin PBXProject section */
		F742F01220D208CF00F677D0 /* Project object */ = {
			isa = PBXProject;
			attributes = {
				LastUpgradeCheck = 1000;
				ORGANIZATIONNAME = "吳梓杭";
				TargetAttributes = {
					F742F01920D208CF00F677D0 = {
						CreatedOnToolsVersion = 10.0;
					};
				};
			};
			buildConfigurationList = F742F01520D208CF00F677D0 /* Build configuration list for PBXProject "ImagePickerController" */;
			compatibilityVersion = "Xcode 9.3";
			developmentRegion = en;
			hasScannedForEncodings = 0;
			knownRegions = (
				en,
				Base,
			);
			mainGroup = F742F01120D208CF00F677D0;
			productRefGroup = F742F01B20D208CF00F677D0 /* Products */;
			projectDirPath = "";
			projectRoot = "";
			targets = (
				F742F01920D208CF00F677D0 /* ImagePickerController */,
			);
		};
/* End PBXProject section */

/* Begin PBXResourcesBuildPhase section */
		F742F01820D208CF00F677D0 /* Resources */ = {
			isa = PBXResourcesBuildPhase;
			buildActionMask = 2147483647;
			files = (
				F764A37C22C078DC008CF2A5 /* add_btn@3x.png in Resources */,
				F742F02A20D208D000F677D0 /* LaunchScreen.storyboard in Resources */,
				F764A37922C078DC008CF2A5 /* To_choose@2x.png in Resources */,
				F764A37722C078DC008CF2A5 /* To_choose@3x.png in Resources */,
				F742F02720D208D000F677D0 /* Assets.xcassets in Resources */,
				F778B22020D237A60078EBC9 /* Main.storyboard in Resources */,
				F764A37A22C078DC008CF2A5 /* add_btn@2x.png in Resources */,
			);
			runOnlyForDeploymentPostprocessing = 0;
		};
/* End PBXResourcesBuildPhase section */

/* Begin PBXShellScriptBuildPhase section */
		3E552CC68C622F49C11F6C55 /* [CP] Copy Pods Resources */ = {
			isa = PBXShellScriptBuildPhase;
			buildActionMask = 2147483647;
			files = (
			);
			inputFileListPaths = (
			);
			inputPaths = (
				"${PODS_ROOT}/Target Support Files/Pods-ImagePickerController/Pods-ImagePickerController-resources.sh",
				"${PODS_ROOT}/TZImagePickerController/TZImagePickerController/TZImagePickerController/TZImagePickerController.bundle",
			);
			name = "[CP] Copy Pods Resources";
			outputFileListPaths = (
			);
			outputPaths = (
				"${TARGET_BUILD_DIR}/${UNLOCALIZED_RESOURCES_FOLDER_PATH}/TZImagePickerController.bundle",
			);
			runOnlyForDeploymentPostprocessing = 0;
			shellPath = /bin/sh;
			shellScript = "\"${PODS_ROOT}/Target Support Files/Pods-ImagePickerController/Pods-ImagePickerController-resources.sh\"\n";
			showEnvVarsInLog = 0;
		};
		AAE86A51FD4853E5FF23A07B /* [CP] Check Pods Manifest.lock */ = {
			isa = PBXShellScriptBuildPhase;
			buildActionMask = 2147483647;
			files = (
			);
			inputPaths = (
				"${PODS_PODFILE_DIR_PATH}/Podfile.lock",
				"${PODS_ROOT}/Manifest.lock",
			);
			name = "[CP] Check Pods Manifest.lock";
			outputPaths = (
				"$(DERIVED_FILE_DIR)/Pods-ImagePickerController-checkManifestLockResult.txt",
			);
			runOnlyForDeploymentPostprocessing = 0;
			shellPath = /bin/sh;
			shellScript = "diff \"${PODS_PODFILE_DIR_PATH}/Podfile.lock\" \"${PODS_ROOT}/Manifest.lock\" > /dev/null\nif [ $? != 0 ] ; then\n    # print error to STDERR\n    echo \"error: The sandbox is not in sync with the Podfile.lock. Run 'pod install' or update your CocoaPods installation.\" >&2\n    exit 1\nfi\n# This output is used by Xcode 'outputs' to avoid re-running this script phase.\necho \"SUCCESS\" > \"${SCRIPT_OUTPUT_FILE_0}\"\n";
			showEnvVarsInLog = 0;
		};
/* End PBXShellScriptBuildPhase section */

/* Begin PBXSourcesBuildPhase section */
		F742F01620D208CF00F677D0 /* Sources */ = {
			isa = PBXSourcesBuildPhase;
			buildActionMask = 2147483647;
			files = (
				F74B1D5020DBEEA000CF21AB /* AliOSSUpload.m in Sources */,
				F742F02D20D208D000F677D0 /* main.m in Sources */,
				F742F05420D209C800F677D0 /* MainViewController.m in Sources */,
				F74B1D5620DC041000CF21AB /* IHUtility.m in Sources */,
				F764A37B22C078DC008CF2A5 /* LxGridViewFlowLayout.m in Sources */,
				F764A37D22C078DC008CF2A5 /* WMUIImagePickerCollectionViewCell.m in Sources */,
				F742F01F20D208CF00F677D0 /* AppDelegate.m in Sources */,
				F764A37822C078DC008CF2A5 /* WMUIImagePickerView.m in Sources */,
				F74B1D5320DBEF1000CF21AB /* WMUIOSSAuthCredentialProvider.m in Sources */,
			);
			runOnlyForDeploymentPostprocessing = 0;
		};
/* End PBXSourcesBuildPhase section */

/* Begin PBXVariantGroup section */
		F742F02820D208D000F677D0 /* LaunchScreen.storyboard */ = {
			isa = PBXVariantGroup;
			children = (
				F742F02920D208D000F677D0 /* Base */,
			);
			name = LaunchScreen.storyboard;
			sourceTree = "<group>";
		};
/* End PBXVariantGroup section */

/* Begin XCBuildConfiguration section */
		F742F04420D208D000F677D0 /* Debug */ = {
			isa = XCBuildConfiguration;
			buildSettings = {
				ALWAYS_SEARCH_USER_PATHS = NO;
				CLANG_ANALYZER_NONNULL = YES;
				CLANG_ANALYZER_NUMBER_OBJECT_CONVERSION = YES_AGGRESSIVE;
				CLANG_CXX_LANGUAGE_STANDARD = "gnu++14";
				CLANG_CXX_LIBRARY = "libc++";
				CLANG_ENABLE_MODULES = YES;
				CLANG_ENABLE_OBJC_ARC = YES;
				CLANG_ENABLE_OBJC_WEAK = YES;
				CLANG_WARN_BLOCK_CAPTURE_AUTORELEASING = YES;
				CLANG_WARN_BOOL_CONVERSION = YES;
				CLANG_WARN_COMMA = YES;
				CLANG_WARN_CONSTANT_CONVERSION = YES;
				CLANG_WARN_DEPRECATED_OBJC_IMPLEMENTATIONS = YES;
				CLANG_WARN_DIRECT_OBJC_ISA_USAGE = YES_ERROR;
				CLANG_WARN_DOCUMENTATION_COMMENTS = YES;
				CLANG_WARN_EMPTY_BODY = YES;
				CLANG_WARN_ENUM_CONVERSION = YES;
				CLANG_WARN_INFINITE_RECURSION = YES;
				CLANG_WARN_INT_CONVERSION = YES;
				CLANG_WARN_NON_LITERAL_NULL_CONVERSION = YES;
				CLANG_WARN_OBJC_IMPLICIT_RETAIN_SELF = YES;
				CLANG_WARN_OBJC_LITERAL_CONVERSION = YES;
				CLANG_WARN_OBJC_ROOT_CLASS = YES_ERROR;
				CLANG_WARN_RANGE_LOOP_ANALYSIS = YES;
				CLANG_WARN_STRICT_PROTOTYPES = YES;
				CLANG_WARN_SUSPICIOUS_MOVE = YES;
				CLANG_WARN_UNGUARDED_AVAILABILITY = YES_AGGRESSIVE;
				CLANG_WARN_UNREACHABLE_CODE = YES;
				CLANG_WARN__DUPLICATE_METHOD_MATCH = YES;
				CODE_SIGN_IDENTITY = "iPhone Developer";
				COPY_PHASE_STRIP = NO;
				DEBUG_INFORMATION_FORMAT = dwarf;
				ENABLE_STRICT_OBJC_MSGSEND = YES;
				ENABLE_TESTABILITY = YES;
				GCC_C_LANGUAGE_STANDARD = gnu11;
				GCC_DYNAMIC_NO_PIC = NO;
				GCC_NO_COMMON_BLOCKS = YES;
				GCC_OPTIMIZATION_LEVEL = 0;
				GCC_PREPROCESSOR_DEFINITIONS = (
					"DEBUG=1",
					"$(inherited)",
				);
				GCC_WARN_64_TO_32_BIT_CONVERSION = YES;
				GCC_WARN_ABOUT_RETURN_TYPE = YES_ERROR;
				GCC_WARN_UNDECLARED_SELECTOR = YES;
				GCC_WARN_UNINITIALIZED_AUTOS = YES_AGGRESSIVE;
				GCC_WARN_UNUSED_FUNCTION = YES;
				GCC_WARN_UNUSED_VARIABLE = YES;
				IPHONEOS_DEPLOYMENT_TARGET = 12.0;
				MTL_ENABLE_DEBUG_INFO = INCLUDE_SOURCE;
				ONLY_ACTIVE_ARCH = YES;
				SDKROOT = iphoneos;
			};
			name = Debug;
		};
		F742F04520D208D000F677D0 /* Release */ = {
			isa = XCBuildConfiguration;
			buildSettings = {
				ALWAYS_SEARCH_USER_PATHS = NO;
				CLANG_ANALYZER_NONNULL = YES;
				CLANG_ANALYZER_NUMBER_OBJECT_CONVERSION = YES_AGGRESSIVE;
				CLANG_CXX_LANGUAGE_STANDARD = "gnu++14";
				CLANG_CXX_LIBRARY = "libc++";
				CLANG_ENABLE_MODULES = YES;
				CLANG_ENABLE_OBJC_ARC = YES;
				CLANG_ENABLE_OBJC_WEAK = YES;
				CLANG_WARN_BLOCK_CAPTURE_AUTORELEASING = YES;
				CLANG_WARN_BOOL_CONVERSION = YES;
				CLANG_WARN_COMMA = YES;
				CLANG_WARN_CONSTANT_CONVERSION = YES;
				CLANG_WARN_DEPRECATED_OBJC_IMPLEMENTATIONS = YES;
				CLANG_WARN_DIRECT_OBJC_ISA_USAGE = YES_ERROR;
				CLANG_WARN_DOCUMENTATION_COMMENTS = YES;
				CLANG_WARN_EMPTY_BODY = YES;
				CLANG_WARN_ENUM_CONVERSION = YES;
				CLANG_WARN_INFINITE_RECURSION = YES;
				CLANG_WARN_INT_CONVERSION = YES;
				CLANG_WARN_NON_LITERAL_NULL_CONVERSION = YES;
				CLANG_WARN_OBJC_IMPLICIT_RETAIN_SELF = YES;
				CLANG_WARN_OBJC_LITERAL_CONVERSION = YES;
				CLANG_WARN_OBJC_ROOT_CLASS = YES_ERROR;
				CLANG_WARN_RANGE_LOOP_ANALYSIS = YES;
				CLANG_WARN_STRICT_PROTOTYPES = YES;
				CLANG_WARN_SUSPICIOUS_MOVE = YES;
				CLANG_WARN_UNGUARDED_AVAILABILITY = YES_AGGRESSIVE;
				CLANG_WARN_UNREACHABLE_CODE = YES;
				CLANG_WARN__DUPLICATE_METHOD_MATCH = YES;
				CODE_SIGN_IDENTITY = "iPhone Developer";
				COPY_PHASE_STRIP = NO;
				DEBUG_INFORMATION_FORMAT = "dwarf-with-dsym";
				ENABLE_NS_ASSERTIONS = NO;
				ENABLE_STRICT_OBJC_MSGSEND = YES;
				GCC_C_LANGUAGE_STANDARD = gnu11;
				GCC_NO_COMMON_BLOCKS = YES;
				GCC_WARN_64_TO_32_BIT_CONVERSION = YES;
				GCC_WARN_ABOUT_RETURN_TYPE = YES_ERROR;
				GCC_WARN_UNDECLARED_SELECTOR = YES;
				GCC_WARN_UNINITIALIZED_AUTOS = YES_AGGRESSIVE;
				GCC_WARN_UNUSED_FUNCTION = YES;
				GCC_WARN_UNUSED_VARIABLE = YES;
				IPHONEOS_DEPLOYMENT_TARGET = 12.0;
				MTL_ENABLE_DEBUG_INFO = NO;
				SDKROOT = iphoneos;
				VALIDATE_PRODUCT = YES;
			};
			name = Release;
		};
		F742F04720D208D000F677D0 /* Debug */ = {
			isa = XCBuildConfiguration;
			baseConfigurationReference = BA2CC342B12B71052DF69CDD /* Pods-ImagePickerController.debug.xcconfig */;
			buildSettings = {
				ASSETCATALOG_COMPILER_APPICON_NAME = AppIcon;
				CODE_SIGN_STYLE = Automatic;
				DEVELOPMENT_TEAM = 8A4V8PC26W;
				GCC_PREFIX_HEADER = "";
				INFOPLIST_FILE = ImagePickerController/Info.plist;
				IPHONEOS_DEPLOYMENT_TARGET = 9.0;
				LD_RUNPATH_SEARCH_PATHS = (
					"$(inherited)",
					"@executable_path/Frameworks",
				);
				PRODUCT_BUNDLE_IDENTIFIER = "---.ImagePickerController";
				PRODUCT_NAME = "$(TARGET_NAME)";
				TARGETED_DEVICE_FAMILY = 1;
			};
			name = Debug;
		};
		F742F04820D208D000F677D0 /* Release */ = {
			isa = XCBuildConfiguration;
			baseConfigurationReference = 065D2AC25CB24DFA0E804701 /* Pods-ImagePickerController.release.xcconfig */;
			buildSettings = {
				ASSETCATALOG_COMPILER_APPICON_NAME = AppIcon;
				CODE_SIGN_STYLE = Automatic;
				DEVELOPMENT_TEAM = 8A4V8PC26W;
				GCC_PREFIX_HEADER = "";
				INFOPLIST_FILE = ImagePickerController/Info.plist;
				IPHONEOS_DEPLOYMENT_TARGET = 9.0;
				LD_RUNPATH_SEARCH_PATHS = (
					"$(inherited)",
					"@executable_path/Frameworks",
				);
				PRODUCT_BUNDLE_IDENTIFIER = "---.ImagePickerController";
				PRODUCT_NAME = "$(TARGET_NAME)";
				TARGETED_DEVICE_FAMILY = 1;
			};
			name = Release;
		};
/* End XCBuildConfiguration section */

/* Begin XCConfigurationList section */
		F742F01520D208CF00F677D0 /* Build configuration list for PBXProject "ImagePickerController" */ = {
			isa = XCConfigurationList;
			buildConfigurations = (
				F742F04420D208D000F677D0 /* Debug */,
				F742F04520D208D000F677D0 /* Release */,
			);
			defaultConfigurationIsVisible = 0;
			defaultConfigurationName = Release;
		};
		F742F04620D208D000F677D0 /* Build configuration list for PBXNativeTarget "ImagePickerController" */ = {
			isa = XCConfigurationList;
			buildConfigurations = (
				F742F04720D208D000F677D0 /* Debug */,
				F742F04820D208D000F677D0 /* Release */,
			);
			defaultConfigurationIsVisible = 0;
			defaultConfigurationName = Release;
		};
/* End XCConfigurationList section */
	};
	rootObject = F742F01220D208CF00F677D0 /* Project object */;
}
