PODS:
  - AliyunOSSiOS (2.10.4)
  - Masonry (1.1.0)
  - TZImagePickerController (3.0.9)

DEPENDENCIES:
  - AliyunOSSiOS
  - Masonry
  - TZImagePickerController (~> 3.0.2)

SPEC REPOS:
  https://github.com/cocoapods/specs.git:
    - AliyunOSSiOS
    - Masonry
    - TZImagePickerController

SPEC CHECKSUMS:
  AliyunOSSiOS: e5dcdba99963ca6b43fea863cead49423c5d4c75
  Masonry: 678fab65091a9290e40e2832a55e7ab731aad201
  TZImagePickerController: ea3e906af8caa7088f612ad673feb73cc6aa6bfc

PODFILE CHECKSUM: b90a573e3ded9b7200311fdddeaff8fe940ba0fb

COCOAPODS: 1.6.1
